
Microsoft Visual Studio Solution File, Format Version 12.00
# Visual Studio Version 17
VisualStudioVersion = 17.11.35327.3
MinimumVisualStudioVersion = 10.0.40219.1
Project("{FAE04EC0-301F-11D3-BF4B-00C04F79EFBC}") = "Vektorel.BasicDataBinding", "Vektorel.BasicDataBinding\Vektorel.BasicDataBinding.csproj", "{A2814A04-F8B4-4CEA-BB15-65F072B1C982}"
EndProject
Global
	GlobalSection(SolutionConfigurationPlatforms) = preSolution
		Debug|Any CPU = Debug|Any CPU
		Release|Any CPU = Release|Any CPU
	EndGlobalSection
	GlobalSection(ProjectConfigurationPlatforms) = postSolution
		{A2814A04-F8B4-4CEA-BB15-65F072B1C982}.Debug|Any CPU.ActiveCfg = Debug|Any CPU
		{A2814A04-F8B4-4CEA-BB15-65F072B1C982}.Debug|Any CPU.Build.0 = Debug|Any CPU
		{A2814A04-F8B4-4CEA-BB15-65F072B1C982}.Release|Any CPU.ActiveCfg = Release|Any CPU
		{A2814A04-F8B4-4CEA-BB15-65F072B1C982}.Release|Any CPU.Build.0 = Release|Any CPU
	EndGlobalSection
	GlobalSection(SolutionProperties) = preSolution
		HideSolutionNode = FALSE
	EndGlobalSection
	GlobalSection(ExtensibilityGlobals) = postSolution
		SolutionGuid = {03A7D270-93C6-4CCE-9D03-6B5342D058A8}
	EndGlobalSection
EndGlobal
