
Microsoft Visual Studio Solution File, Format Version 12.00
# Visual Studio Version 17
VisualStudioVersion = 17.11.35327.3
MinimumVisualStudioVersion = 10.0.40219.1
Project("{FAE04EC0-301F-11D3-BF4B-00C04F79EFBC}") = "Vektorel.Nortwind.Api", "Vektorel.Nortwind.Api\Vektorel.Nortwind.Api.csproj", "{A2E9CB35-5ED1-4793-84ED-CC34A0BC02AD}"
EndProject
Project("{FAE04EC0-301F-11D3-BF4B-00C04F79EFBC}") = "Vektorel.Northwind.Data", "Vektorel.Northwind.Data\Vektorel.Northwind.Data.csproj", "{B38A12EB-1316-4E4A-B9FF-01B6C0C57053}"
EndProject
Global
	GlobalSection(SolutionConfigurationPlatforms) = preSolution
		Debug|Any CPU = Debug|Any CPU
		Release|Any CPU = Release|Any CPU
	EndGlobalSection
	GlobalSection(ProjectConfigurationPlatforms) = postSolution
		{A2E9CB35-5ED1-4793-84ED-CC34A0BC02AD}.Debug|Any CPU.ActiveCfg = Debug|Any CPU
		{A2E9CB35-5ED1-4793-84ED-CC34A0BC02AD}.Debug|Any CPU.Build.0 = Debug|Any CPU
		{A2E9CB35-5ED1-4793-84ED-CC34A0BC02AD}.Release|Any CPU.ActiveCfg = Release|Any CPU
		{A2E9CB35-5ED1-4793-84ED-CC34A0BC02AD}.Release|Any CPU.Build.0 = Release|Any CPU
		{B38A12EB-1316-4E4A-B9FF-01B6C0C57053}.Debug|Any CPU.ActiveCfg = Debug|Any CPU
		{B38A12EB-1316-4E4A-B9FF-01B6C0C57053}.Debug|Any CPU.Build.0 = Debug|Any CPU
		{B38A12EB-1316-4E4A-B9FF-01B6C0C57053}.Release|Any CPU.ActiveCfg = Release|Any CPU
		{B38A12EB-1316-4E4A-B9FF-01B6C0C57053}.Release|Any CPU.Build.0 = Release|Any CPU
	EndGlobalSection
	GlobalSection(SolutionProperties) = preSolution
		HideSolutionNode = FALSE
	EndGlobalSection
	GlobalSection(ExtensibilityGlobals) = postSolution
		SolutionGuid = {65AC5D18-86CE-4BCD-A585-F1A66F0FF7CC}
	EndGlobalSection
EndGlobal
